// !$*UTF8*$!
{
	archiveVersion = 1;
	classes = {
	};
	objectVersion = 46;
	objects = {

/* Begin PBXBuildFile section */
		907C66731E0D116C008644E8 /* AppDelegate.swift in Sources */ = {isa = PBXBuildFile; fileRef = 907C66721E0D116C008644E8 /* AppDelegate.swift */; };
		907C66751E0D116C008644E8 /* ViewController.swift in Sources */ = {isa = PBXBuildFile; fileRef = 907C66741E0D116C008644E8 /* ViewController.swift */; };
		907C66781E0D116C008644E8 /* Main.storyboard in Resources */ = {isa = PBXBuildFile; fileRef = 907C66761E0D116C008644E8 /* Main.storyboard */; };
		907C667A1E0D116C008644E8 /* Assets.xcassets in Resources */ = {isa = PBXBuildFile; fileRef = 907C66791E0D116C008644E8 /* Assets.xcassets */; };
		907C667D1E0D116C008644E8 /* LaunchScreen.storyboard in Resources */ = {isa = PBXBuildFile; fileRef = 907C667B1E0D116C008644E8 /* LaunchScreen.storyboard */; };
		907C66881E0D116C008644E8 /* Tip_CalculatorTests.swift in Sources */ = {isa = PBXBuildFile; fileRef = 907C66871E0D116C008644E8 /* Tip_CalculatorTests.swift */; };
		907C66931E0D116C008644E8 /* Tip_CalculatorUITests.swift in Sources */ = {isa = PBXBuildFile; fileRef = 907C66921E0D116C008644E8 /* Tip_CalculatorUITests.swift */; };
/* End PBXBuildFile section */

/* Begin PBXContainerItemProxy section */
		907C66841E0D116C008644E8 /* PBXContainerItemProxy */ = {
			isa = PBXContainerItemProxy;
			containerPortal = 907C66671E0D116B008644E8 /* Project object */;
			proxyType = 1;
			remoteGlobalIDString = 907C666E1E0D116B008644E8;
			remoteInfo = "Tip Calculator";
		};
		907C668F1E0D116C008644E8 /* PBXContainerItemProxy */ = {
			isa = PBXContainerItemProxy;
			containerPortal = 907C66671E0D116B008644E8 /* Project object */;
			proxyType = 1;
			remoteGlobalIDString = 907C666E1E0D116B008644E8;
			remoteInfo = "Tip Calculator";
		};
/* End PBXContainerItemProxy section */

/* Begin PBXFileReference section */
		907C666F1E0D116C008644E8 /* Tip Calculator.app */ = {isa = PBXFileReference; explicitFileType = wrapper.application; includeInIndex = 0; path = "Tip Calculator.app"; sourceTree = BUILT_PRODUCTS_DIR; };
		907C66721E0D116C008644E8 /* AppDelegate.swift */ = {isa = PBXFileReference; lastKnownFileType = sourcecode.swift; path = AppDelegate.swift; sourceTree = "<group>"; };
		907C66741E0D116C008644E8 /* ViewController.swift */ = {isa = PBXFileReference; lastKnownFileType = sourcecode.swift; path = ViewController.swift; sourceTree = "<group>"; };
		907C66771E0D116C008644E8 /* Base */ = {isa = PBXFileReference; lastKnownFileType = file.storyboard; name = Base; path = Base.lproj/Main.storyboard; sourceTree = "<group>"; };
		907C66791E0D116C008644E8 /* Assets.xcassets */ = {isa = PBXFileReference; lastKnownFileType = folder.assetcatalog; path = Assets.xcassets; sourceTree = "<group>"; };
		907C667C1E0D116C008644E8 /* Base */ = {isa = PBXFileReference; lastKnownFileType = file.storyboard; name = Base; path = Base.lproj/LaunchScreen.storyboard; sourceTree = "<group>"; };
		907C667E1E0D116C008644E8 /* Info.plist */ = {isa = PBXFileReference; lastKnownFileType = text.plist.xml; path = Info.plist; sourceTree = "<group>"; };
		907C66831E0D116C008644E8 /* Tip CalculatorTests.xctest */ = {isa = PBXFileReference; explicitFileType = wrapper.cfbundle; includeInIndex = 0; path = "Tip CalculatorTests.xctest"; sourceTree = BUILT_PRODUCTS_DIR; };
		907C66871E0D116C008644E8 /* Tip_CalculatorTests.swift */ = {isa = PBXFileReference; lastKnownFileType = sourcecode.swift; path = Tip_CalculatorTests.swift; sourceTree = "<group>"; };
		907C66891E0D116C008644E8 /* Info.plist */ = {isa = PBXFileReference; lastKnownFileType = text.plist.xml; path = Info.plist; sourceTree = "<group>"; };
		907C668E1E0D116C008644E8 /* Tip CalculatorUITests.xctest */ = {isa = PBXFileReference; explicitFileType = wrapper.cfbundle; includeInIndex = 0; path = "Tip CalculatorUITests.xctest"; sourceTree = BUILT_PRODUCTS_DIR; };
		907C66921E0D116C008644E8 /* Tip_CalculatorUITests.swift */ = {isa = PBXFileReference; lastKnownFileType = sourcecode.swift; path = Tip_CalculatorUITests.swift; sourceTree = "<group>"; };
		907C66941E0D116C008644E8 /* Info.plist */ = {isa = PBXFileReference; lastKnownFileType = text.plist.xml; path = Info.plist; sourceTree = "<group>"; };
/* End PBXFileReference section */

/* Begin PBXFrameworksBuildPhase section */
		907C666C1E0D116B008644E8 /* Frameworks */ = {
			isa = PBXFrameworksBuildPhase;
			buildActionMask = 2147483647;
			files = (
			);
			runOnlyForDeploymentPostprocessing = 0;
		};
		907C66801E0D116C008644E8 /* Frameworks */ = {
			isa = PBXFrameworksBuildPhase;
			buildActionMask = 2147483647;
			files = (
			);
			runOnlyForDeploymentPostprocessing = 0;
		};
		907C668B1E0D116C008644E8 /* Frameworks */ = {
			isa = PBXFrameworksBuildPhase;
			buildActionMask = 2147483647;
			files = (
			);
			runOnlyForDeploymentPostprocessing = 0;
		};
/* End PBXFrameworksBuildPhase section */

/* Begin PBXGroup section */
		907C66661E0D116B008644E8 = {
			isa = PBXGroup;
			children = (
				907C66711E0D116C008644E8 /* Tip Calculator */,
				907C66861E0D116C008644E8 /* Tip CalculatorTests */,
				907C66911E0D116C008644E8 /* Tip CalculatorUITests */,
				907C66701E0D116C008644E8 /* Products */,
			);
			sourceTree = "<group>";
		};
		907C66701E0D116C008644E8 /* Products */ = {
			isa = PBXGroup;
			children = (
				907C666F1E0D116C008644E8 /* Tip Calculator.app */,
				907C66831E0D116C008644E8 /* Tip CalculatorTests.xctest */,
				907C668E1E0D116C008644E8 /* Tip CalculatorUITests.xctest */,
			);
			name = Products;
			sourceTree = "<group>";
		};
		907C66711E0D116C008644E8 /* Tip Calculator */ = {
			isa = PBXGroup;
			children = (
				907C66721E0D116C008644E8 /* AppDelegate.swift */,
				907C66741E0D116C008644E8 /* ViewController.swift */,
				907C66761E0D116C008644E8 /* Main.storyboard */,
				907C66791E0D116C008644E8 /* Assets.xcassets */,
				907C667B1E0D116C008644E8 /* LaunchScreen.storyboard */,
				907C667E1E0D116C008644E8 /* Info.plist */,
			);
			path = "Tip Calculator";
			sourceTree = "<group>";
		};
		907C66861E0D116C008644E8 /* Tip CalculatorTests */ = {
			isa = PBXGroup;
			children = (
				907C66871E0D116C008644E8 /* Tip_CalculatorTests.swift */,
				907C66891E0D116C008644E8 /* Info.plist */,
			);
			path = "Tip CalculatorTests";
			sourceTree = "<group>";
		};
		907C66911E0D116C008644E8 /* Tip CalculatorUITests */ = {
			isa = PBXGroup;
			children = (
				907C66921E0D116C008644E8 /* Tip_CalculatorUITests.swift */,
				907C66941E0D116C008644E8 /* Info.plist */,
			);
			path = "Tip CalculatorUITests";
			sourceTree = "<group>";
		};
/* End PBXGroup section */

/* Begin PBXNativeTarget section */
		907C666E1E0D116B008644E8 /* Tip Calculator */ = {
			isa = PBXNativeTarget;
			buildConfigurationList = 907C66971E0D116C008644E8 /* Build configuration list for PBXNativeTarget "Tip Calculator" */;
			buildPhases = (
				907C666B1E0D116B008644E8 /* Sources */,
				907C666C1E0D116B008644E8 /* Frameworks */,
				907C666D1E0D116B008644E8 /* Resources */,
			);
			buildRules = (
			);
			dependencies = (
			);
			name = "Tip Calculator";
			productName = "Tip Calculator";
			productReference = 907C666F1E0D116C008644E8 /* Tip Calculator.app */;
			productType = "com.apple.product-type.application";
		};
		907C66821E0D116C008644E8 /* Tip CalculatorTests */ = {
			isa = PBXNativeTarget;
			buildConfigurationList = 907C669A1E0D116C008644E8 /* Build configuration list for PBXNativeTarget "Tip CalculatorTests" */;
			buildPhases = (
				907C667F1E0D116C008644E8 /* Sources */,
				907C66801E0D116C008644E8 /* Frameworks */,
				907C66811E0D116C008644E8 /* Resources */,
			);
			buildRules = (
			);
			dependencies = (
				907C66851E0D116C008644E8 /* PBXTargetDependency */,
			);
			name = "Tip CalculatorTests";
			productName = "Tip CalculatorTests";
			productReference = 907C66831E0D116C008644E8 /* Tip CalculatorTests.xctest */;
			productType = "com.apple.product-type.bundle.unit-test";
		};
		907C668D1E0D116C008644E8 /* Tip CalculatorUITests */ = {
			isa = PBXNativeTarget;
			buildConfigurationList = 907C669D1E0D116C008644E8 /* Build configuration list for PBXNativeTarget "Tip CalculatorUITests" */;
			buildPhases = (
				907C668A1E0D116C008644E8 /* Sources */,
				907C668B1E0D116C008644E8 /* Frameworks */,
				907C668C1E0D116C008644E8 /* Resources */,
			);
			buildRules = (
			);
			dependencies = (
				907C66901E0D116C008644E8 /* PBXTargetDependency */,
			);
			name = "Tip CalculatorUITests";
			productName = "Tip CalculatorUITests";
			productReference = 907C668E1E0D116C008644E8 /* Tip CalculatorUITests.xctest */;
			productType = "com.apple.product-type.bundle.ui-testing";
		};
/* End PBXNativeTarget section */

/* Begin PBXProject section */
		907C66671E0D116B008644E8 /* Project object */ = {
			isa = PBXProject;
			attributes = {
				LastSwiftUpdateCheck = 0820;
				LastUpgradeCheck = 0820;
				ORGANIZATIONNAME = CHR27;
				TargetAttributes = {
					907C666E1E0D116B008644E8 = {
						CreatedOnToolsVersion = 8.2.1;
						DevelopmentTeam = QTAWGCMX37;
						ProvisioningStyle = Automatic;
					};
					907C66821E0D116C008644E8 = {
						CreatedOnToolsVersion = 8.2.1;
						ProvisioningStyle = Automatic;
						TestTargetID = 907C666E1E0D116B008644E8;
					};
					907C668D1E0D116C008644E8 = {
						CreatedOnToolsVersion = 8.2.1;
						ProvisioningStyle = Automatic;
						TestTargetID = 907C666E1E0D116B008644E8;
					};
				};
			};
			buildConfigurationList = 907C666A1E0D116B008644E8 /* Build configuration list for PBXProject "Tip Calculator" */;
			compatibilityVersion = "Xcode 3.2";
			developmentRegion = English;
			hasScannedForEncodings = 0;
			knownRegions = (
				en,
				Base,
			);
			mainGroup = 907C66661E0D116B008644E8;
			productRefGroup = 907C66701E0D116C008644E8 /* Products */;
			projectDirPath = "";
			projectRoot = "";
			targets = (
				907C666E1E0D116B008644E8 /* Tip Calculator */,
				907C66821E0D116C008644E8 /* Tip CalculatorTests */,
				907C668D1E0D116C008644E8 /* Tip CalculatorUITests */,
			);
		};
/* End PBXProject section */

/* Begin PBXResourcesBuildPhase section */
		907C666D1E0D116B008644E8 /* Resources */ = {
			isa = PBXResourcesBuildPhase;
			buildActionMask = 2147483647;
			files = (
				907C667D1E0D116C008644E8 /* LaunchScreen.storyboard in Resources */,
				907C667A1E0D116C008644E8 /* Assets.xcassets in Resources */,
				907C66781E0D116C008644E8 /* Main.storyboard in Resources */,
			);
			runOnlyForDeploymentPostprocessing = 0;
		};
		907C66811E0D116C008644E8 /* Resources */ = {
			isa = PBXResourcesBuildPhase;
			buildActionMask = 2147483647;
			files = (
			);
			runOnlyForDeploymentPostprocessing = 0;
		};
		907C668C1E0D116C008644E8 /* Resources */ = {
			isa = PBXResourcesBuildPhase;
			buildActionMask = 2147483647;
			files = (
			);
			runOnlyForDeploymentPostprocessing = 0;
		};
/* End PBXResourcesBuildPhase section */

/* Begin PBXSourcesBuildPhase section */
		907C666B1E0D116B008644E8 /* Sources */ = {
			isa = PBXSourcesBuildPhase;
			buildActionMask = 2147483647;
			files = (
				907C66751E0D116C008644E8 /* ViewController.swift in Sources */,
				907C66731E0D116C008644E8 /* AppDelegate.swift in Sources */,
			);
			runOnlyForDeploymentPostprocessing = 0;
		};
		907C667F1E0D116C008644E8 /* Sources */ = {
			isa = PBXSourcesBuildPhase;
			buildActionMask = 2147483647;
			files = (
				907C66881E0D116C008644E8 /* Tip_CalculatorTests.swift in Sources */,
			);
			runOnlyForDeploymentPostprocessing = 0;
		};
		907C668A1E0D116C008644E8 /* Sources */ = {
			isa = PBXSourcesBuildPhase;
			buildActionMask = 2147483647;
			files = (
				907C66931E0D116C008644E8 /* Tip_CalculatorUITests.swift in Sources */,
			);
			runOnlyForDeploymentPostprocessing = 0;
		};
/* End PBXSourcesBuildPhase section */

/* Begin PBXTargetDependency section */
		907C66851E0D116C008644E8 /* PBXTargetDependency */ = {
			isa = PBXTargetDependency;
			target = 907C666E1E0D116B008644E8 /* Tip Calculator */;
			targetProxy = 907C66841E0D116C008644E8 /* PBXContainerItemProxy */;
		};
		907C66901E0D116C008644E8 /* PBXTargetDependency */ = {
			isa = PBXTargetDependency;
			target = 907C666E1E0D116B008644E8 /* Tip Calculator */;
			targetProxy = 907C668F1E0D116C008644E8 /* PBXContainerItemProxy */;
		};
/* End PBXTargetDependency section */

/* Begin PBXVariantGroup section */
		907C66761E0D116C008644E8 /* Main.storyboard */ = {
			isa = PBXVariantGroup;
			children = (
				907C66771E0D116C008644E8 /* Base */,
			);
			name = Main.storyboard;
			sourceTree = "<group>";
		};
		907C667B1E0D116C008644E8 /* LaunchScreen.storyboard */ = {
			isa = PBXVariantGroup;
			children = (
				907C667C1E0D116C008644E8 /* Base */,
			);
			name = LaunchScreen.storyboard;
			sourceTree = "<group>";
		};
/* End PBXVariantGroup section */

/* Begin XCBuildConfiguration section */
		907C66951E0D116C008644E8 /* Debug */ = {
			isa = XCBuildConfiguration;
			buildSettings = {
				ALWAYS_SEARCH_USER_PATHS = NO;
				CLANG_ANALYZER_NONNULL = YES;
				CLANG_CXX_LANGUAGE_STANDARD = "gnu++0x";
				CLANG_CXX_LIBRARY = "libc++";
				CLANG_ENABLE_MODULES = YES;
				CLANG_ENABLE_OBJC_ARC = YES;
				CLANG_WARN_BOOL_CONVERSION = YES;
				CLANG_WARN_CONSTANT_CONVERSION = YES;
				CLANG_WARN_DIRECT_OBJC_ISA_USAGE = YES_ERROR;
				CLANG_WARN_DOCUMENTATION_COMMENTS = YES;
				CLANG_WARN_EMPTY_BODY = YES;
				CLANG_WARN_ENUM_CONVERSION = YES;
				CLANG_WARN_INFINITE_RECURSION = YES;
				CLANG_WARN_INT_CONVERSION = YES;
				CLANG_WARN_OBJC_ROOT_CLASS = YES_ERROR;
				CLANG_WARN_SUSPICIOUS_MOVE = YES;
				CLANG_WARN_UNREACHABLE_CODE = YES;
				CLANG_WARN__DUPLICATE_METHOD_MATCH = YES;
				"CODE_SIGN_IDENTITY[sdk=iphoneos*]" = "iPhone Developer";
				COPY_PHASE_STRIP = NO;
				DEBUG_INFORMATION_FORMAT = dwarf;
				ENABLE_STRICT_OBJC_MSGSEND = YES;
				ENABLE_TESTABILITY = YES;
				GCC_C_LANGUAGE_STANDARD = gnu99;
				GCC_DYNAMIC_NO_PIC = NO;
				GCC_NO_COMMON_BLOCKS = YES;
				GCC_OPTIMIZATION_LEVEL = 0;
				GCC_PREPROCESSOR_DEFINITIONS = (
					"DEBUG=1",
					"$(inherited)",
				);
				GCC_WARN_64_TO_32_BIT_CONVERSION = YES;
				GCC_WARN_ABOUT_RETURN_TYPE = YES_ERROR;
				GCC_WARN_UNDECLARED_SELECTOR = YES;
				GCC_WARN_UNINITIALIZED_AUTOS = YES_AGGRESSIVE;
				GCC_WARN_UNUSED_FUNCTION = YES;
				GCC_WARN_UNUSED_VARIABLE = YES;
				IPHONEOS_DEPLOYMENT_TARGET = 10.2;
				MTL_ENABLE_DEBUG_INFO = YES;
				ONLY_ACTIVE_ARCH = YES;
				SDKROOT = iphoneos;
				SWIFT_ACTIVE_COMPILATION_CONDITIONS = DEBUG;
				SWIFT_OPTIMIZATION_LEVEL = "-Onone";
			};
			name = Debug;
		};
		907C66961E0D116C008644E8 /* Release */ = {
			isa = XCBuildConfiguration;
			buildSettings = {
				ALWAYS_SEARCH_USER_PATHS = NO;
				CLANG_ANALYZER_NONNULL = YES;
				CLANG_CXX_LANGUAGE_STANDARD = "gnu++0x";
				CLANG_CXX_LIBRARY = "libc++";
				CLANG_ENABLE_MODULES = YES;
				CLANG_ENABLE_OBJC_ARC = YES;
				CLANG_WARN_BOOL_CONVERSION = YES;
				CLANG_WARN_CONSTANT_CONVERSION = YES;
				CLANG_WARN_DIRECT_OBJC_ISA_USAGE = YES_ERROR;
				CLANG_WARN_DOCUMENTATION_COMMENTS = YES;
				CLANG_WARN_EMPTY_BODY = YES;
				CLANG_WARN_ENUM_CONVERSION = YES;
				CLANG_WARN_INFINITE_RECURSION = YES;
				CLANG_WARN_INT_CONVERSION = YES;
				CLANG_WARN_OBJC_ROOT_CLASS = YES_ERROR;
				CLANG_WARN_SUSPICIOUS_MOVE = YES;
				CLANG_WARN_UNREACHABLE_CODE = YES;
				CLANG_WARN__DUPLICATE_METHOD_MATCH = YES;
				"CODE_SIGN_IDENTITY[sdk=iphoneos*]" = "iPhone Developer";
				COPY_PHASE_STRIP = NO;
				DEBUG_INFORMATION_FORMAT = "dwarf-with-dsym";
				ENABLE_NS_ASSERTIONS = NO;
				ENABLE_STRICT_OBJC_MSGSEND = YES;
				GCC_C_LANGUAGE_STANDARD = gnu99;
				GCC_NO_COMMON_BLOCKS = YES;
				GCC_WARN_64_TO_32_BIT_CONVERSION = YES;
				GCC_WARN_ABOUT_RETURN_TYPE = YES_ERROR;
				GCC_WARN_UNDECLARED_SELECTOR = YES;
				GCC_WARN_UNINITIALIZED_AUTOS = YES_AGGRESSIVE;
				GCC_WARN_UNUSED_FUNCTION = YES;
				GCC_WARN_UNUSED_VARIABLE = YES;
				IPHONEOS_DEPLOYMENT_TARGET = 10.2;
				MTL_ENABLE_DEBUG_INFO = NO;
				SDKROOT = iphoneos;
				SWIFT_OPTIMIZATION_LEVEL = "-Owholemodule";
				VALIDATE_PRODUCT = YES;
			};
			name = Release;
		};
		907C66981E0D116C008644E8 /* Debug */ = {
			isa = XCBuildConfiguration;
			buildSettings = {
				ASSETCATALOG_COMPILER_APPICON_NAME = AppIcon;
				DEVELOPMENT_TEAM = QTAWGCMX37;
				INFOPLIST_FILE = "Tip Calculator/Info.plist";
				LD_RUNPATH_SEARCH_PATHS = "$(inherited) @executable_path/Frameworks";
				PRODUCT_BUNDLE_IDENTIFIER = "com.hanschristian.Tip-Calculator";
				PRODUCT_NAME = "$(TARGET_NAME)";
				SWIFT_VERSION = 3.0;
			};
			name = Debug;
		};
		907C66991E0D116C008644E8 /* Release */ = {
			isa = XCBuildConfiguration;
			buildSettings = {
				ASSETCATALOG_COMPILER_APPICON_NAME = AppIcon;
				DEVELOPMENT_TEAM = QTAWGCMX37;
				INFOPLIST_FILE = "Tip Calculator/Info.plist";
				LD_RUNPATH_SEARCH_PATHS = "$(inherited) @executable_path/Frameworks";
				PRODUCT_BUNDLE_IDENTIFIER = "com.hanschristian.Tip-Calculator";
				PRODUCT_NAME = "$(TARGET_NAME)";
				SWIFT_VERSION = 3.0;
			};
			name = Release;
		};
		907C669B1E0D116C008644E8 /* Debug */ = {
			isa = XCBuildConfiguration;
			buildSettings = {
				ALWAYS_EMBED_SWIFT_STANDARD_LIBRARIES = YES;
				BUNDLE_LOADER = "$(TEST_HOST)";
				INFOPLIST_FILE = "Tip CalculatorTests/Info.plist";
				LD_RUNPATH_SEARCH_PATHS = "$(inherited) @executable_path/Frameworks @loader_path/Frameworks";
				PRODUCT_BUNDLE_IDENTIFIER = "com.hanschristian.Tip-CalculatorTests";
				PRODUCT_NAME = "$(TARGET_NAME)";
				SWIFT_VERSION = 3.0;
				TEST_HOST = "$(BUILT_PRODUCTS_DIR)/Tip Calculator.app/Tip Calculator";
			};
			name = Debug;
		};
		907C669C1E0D116C008644E8 /* Release */ = {
			isa = XCBuildConfiguration;
			buildSettings = {
				ALWAYS_EMBED_SWIFT_STANDARD_LIBRARIES = YES;
				BUNDLE_LOADER = "$(TEST_HOST)";
				INFOPLIST_FILE = "Tip CalculatorTests/Info.plist";
				LD_RUNPATH_SEARCH_PATHS = "$(inherited) @executable_path/Frameworks @loader_path/Frameworks";
				PRODUCT_BUNDLE_IDENTIFIER = "com.hanschristian.Tip-CalculatorTests";
				PRODUCT_NAME = "$(TARGET_NAME)";
				SWIFT_VERSION = 3.0;
				TEST_HOST = "$(BUILT_PRODUCTS_DIR)/Tip Calculator.app/Tip Calculator";
			};
			name = Release;
		};
		907C669E1E0D116C008644E8 /* Debug */ = {
			isa = XCBuildConfiguration;
			buildSettings = {
				ALWAYS_EMBED_SWIFT_STANDARD_LIBRARIES = YES;
				INFOPLIST_FILE = "Tip CalculatorUITests/Info.plist";
				LD_RUNPATH_SEARCH_PATHS = "$(inherited) @executable_path/Frameworks @loader_path/Frameworks";
				PRODUCT_BUNDLE_IDENTIFIER = "com.hanschristian.Tip-CalculatorUITests";
				PRODUCT_NAME = "$(TARGET_NAME)";
				SWIFT_VERSION = 3.0;
				TEST_TARGET_NAME = "Tip Calculator";
			};
			name = Debug;
		};
		907C669F1E0D116C008644E8 /* Release */ = {
			isa = XCBuildConfiguration;
			buildSettings = {
				ALWAYS_EMBED_SWIFT_STANDARD_LIBRARIES = YES;
				INFOPLIST_FILE = "Tip CalculatorUITests/Info.plist";
				LD_RUNPATH_SEARCH_PATHS = "$(inherited) @executable_path/Frameworks @loader_path/Frameworks";
				PRODUCT_BUNDLE_IDENTIFIER = "com.hanschristian.Tip-CalculatorUITests";
				PRODUCT_NAME = "$(TARGET_NAME)";
				SWIFT_VERSION = 3.0;
				TEST_TARGET_NAME = "Tip Calculator";
			};
			name = Release;
		};
/* End XCBuildConfiguration section */

/* Begin XCConfigurationList section */
		907C666A1E0D116B008644E8 /* Build configuration list for PBXProject "Tip Calculator" */ = {
			isa = XCConfigurationList;
			buildConfigurations = (
				907C66951E0D116C008644E8 /* Debug */,
				907C66961E0D116C008644E8 /* Release */,
			);
			defaultConfigurationIsVisible = 0;
			defaultConfigurationName = Release;
		};
		907C66971E0D116C008644E8 /* Build configuration list for PBXNativeTarget "Tip Calculator" */ = {
			isa = XCConfigurationList;
			buildConfigurations = (
				907C66981E0D116C008644E8 /* Debug */,
				907C66991E0D116C008644E8 /* Release */,
			);
			defaultConfigurationIsVisible = 0;
			defaultConfigurationName = Release;
		};
		907C669A1E0D116C008644E8 /* Build configuration list for PBXNativeTarget "Tip CalculatorTests" */ = {
			isa = XCConfigurationList;
			buildConfigurations = (
				907C669B1E0D116C008644E8 /* Debug */,
				907C669C1E0D116C008644E8 /* Release */,
			);
			defaultConfigurationIsVisible = 0;
			defaultConfigurationName = Release;
		};
		907C669D1E0D116C008644E8 /* Build configuration list for PBXNativeTarget "Tip CalculatorUITests" */ = {
			isa = XCConfigurationList;
			buildConfigurations = (
				907C669E1E0D116C008644E8 /* Debug */,
				907C669F1E0D116C008644E8 /* Release */,
			);
			defaultConfigurationIsVisible = 0;
			defaultConfigurationName = Release;
		};
/* End XCConfigurationList section */
	};
	rootObject = 907C66671E0D116B008644E8 /* Project object */;
}
